
Microsoft Visual Studio Solution File, Format Version 12.00
# Visual Studio Version 16
VisualStudioVersion = 16.0.29102.190
MinimumVisualStudioVersion = 10.0.40219.1
Project("{FAE04EC0-301F-11D3-BF4B-00C04F79EFBC}") = "GUI", "CNPM\GUI.csproj", "{5EC8C651-3BFD-4613-BEA9-4EEC9EE1C4FF}"
EndProject
Project("{FAE04EC0-301F-11D3-BF4B-00C04F79EFBC}") = "DTO", "DTO\DTO.csproj", "{BBB6DB70-9EDA-4AA1-BE6E-5BFBDBBA3F92}"
EndProject
Project("{FAE04EC0-301F-11D3-BF4B-00C04F79EFBC}") = "BAL", "BAL\BAL.csproj", "{26957F06-DF6B-4361-AE44-0C1B747DC0A8}"
EndProject
Project("{FAE04EC0-301F-11D3-BF4B-00C04F79EFBC}") = "DAL", "DAL\DAL.csproj", "{ED7AEDB3-1A01-4E0E-8EEF-0D47C06F50B9}"
EndProject
Global
	GlobalSection(SolutionConfigurationPlatforms) = preSolution
		Debug|Any CPU = Debug|Any CPU
		Release|Any CPU = Release|Any CPU
	EndGlobalSection
	GlobalSection(ProjectConfigurationPlatforms) = postSolution
		{5EC8C651-3BFD-4613-BEA9-4EEC9EE1C4FF}.Debug|Any CPU.ActiveCfg = Debug|Any CPU
		{5EC8C651-3BFD-4613-BEA9-4EEC9EE1C4FF}.Debug|Any CPU.Build.0 = Debug|Any CPU
		{5EC8C651-3BFD-4613-BEA9-4EEC9EE1C4FF}.Release|Any CPU.ActiveCfg = Release|Any CPU
		{5EC8C651-3BFD-4613-BEA9-4EEC9EE1C4FF}.Release|Any CPU.Build.0 = Release|Any CPU
		{BBB6DB70-9EDA-4AA1-BE6E-5BFBDBBA3F92}.Debug|Any CPU.ActiveCfg = Debug|Any CPU
		{BBB6DB70-9EDA-4AA1-BE6E-5BFBDBBA3F92}.Debug|Any CPU.Build.0 = Debug|Any CPU
		{BBB6DB70-9EDA-4AA1-BE6E-5BFBDBBA3F92}.Release|Any CPU.ActiveCfg = Release|Any CPU
		{BBB6DB70-9EDA-4AA1-BE6E-5BFBDBBA3F92}.Release|Any CPU.Build.0 = Release|Any CPU
		{26957F06-DF6B-4361-AE44-0C1B747DC0A8}.Debug|Any CPU.ActiveCfg = Debug|Any CPU
		{26957F06-DF6B-4361-AE44-0C1B747DC0A8}.Debug|Any CPU.Build.0 = Debug|Any CPU
		{26957F06-DF6B-4361-AE44-0C1B747DC0A8}.Release|Any CPU.ActiveCfg = Release|Any CPU
		{26957F06-DF6B-4361-AE44-0C1B747DC0A8}.Release|Any CPU.Build.0 = Release|Any CPU
		{ED7AEDB3-1A01-4E0E-8EEF-0D47C06F50B9}.Debug|Any CPU.ActiveCfg = Debug|Any CPU
		{ED7AEDB3-1A01-4E0E-8EEF-0D47C06F50B9}.Debug|Any CPU.Build.0 = Debug|Any CPU
		{ED7AEDB3-1A01-4E0E-8EEF-0D47C06F50B9}.Release|Any CPU.ActiveCfg = Release|Any CPU
		{ED7AEDB3-1A01-4E0E-8EEF-0D47C06F50B9}.Release|Any CPU.Build.0 = Release|Any CPU
	EndGlobalSection
	GlobalSection(SolutionProperties) = preSolution
		HideSolutionNode = FALSE
	EndGlobalSection
	GlobalSection(ExtensibilityGlobals) = postSolution
		SolutionGuid = {6414000D-91A1-4774-B82D-0127AC8C2EBB}
	EndGlobalSection
EndGlobal
